
Microsoft Visual Studio Solution File, Format Version 12.00
# Visual Studio Version 17
VisualStudioVersion = 17.9.34728.123
MinimumVisualStudioVersion = 10.0.40219.1
Project("{2150E333-8FDC-42A3-9474-1A3956D46DE8}") = "tests", "tests", "{01423361-0D80-457F-B383-3466C33815EE}"
EndProject
Project("{2150E333-8FDC-42A3-9474-1A3956D46DE8}") = "src", "src", "{D319E698-39DE-4CB6-9A97-EC08F67BCFBB}"
EndProject
Project("{9A19103F-16F7-4668-BE54-9A1E7A4F7556}") = "PrivatePension.Tests", "PrivatePension.Tests\PrivatePension.Tests.csproj", "{9BE7A596-358B-442A-8059-B5CA596EA939}"
EndProject
Project("{9A19103F-16F7-4668-BE54-9A1E7A4F7556}") = "WebApi", "WebApi\WebApi.csproj", "{8694B659-32CA-49F6-A946-B907F2B8D98E}"
EndProject
Project("{FAE04EC0-301F-11D3-BF4B-00C04F79EFBC}") = "Domain", "Domain\Domain.csproj", "{402AFE63-CB90-42F4-AF6C-525A7414EF2A}"
EndProject
Project("{FAE04EC0-301F-11D3-BF4B-00C04F79EFBC}") = "Infrastructure", "Infrastructure\Infrastructure.csproj", "{4DC81A85-4D08-4F4D-BB9B-31CBE28818F5}"
EndProject
Project("{FAE04EC0-301F-11D3-BF4B-00C04F79EFBC}") = "Helpers", "Helpers\Helpers.csproj", "{4E66DE9D-BCA5-4305-A4C8-E8E1D32460B5}"
EndProject
Project("{FAE04EC0-301F-11D3-BF4B-00C04F79EFBC}") = "Services", "Services\Services.csproj", "{3B4EF71A-B46D-4C0E-B230-F048B1FB674A}"
EndProject
Global
	GlobalSection(SolutionConfigurationPlatforms) = preSolution
		Debug|Any CPU = Debug|Any CPU
		Release|Any CPU = Release|Any CPU
	EndGlobalSection
	GlobalSection(ProjectConfigurationPlatforms) = postSolution
		{9BE7A596-358B-442A-8059-B5CA596EA939}.Debug|Any CPU.ActiveCfg = Debug|Any CPU
		{9BE7A596-358B-442A-8059-B5CA596EA939}.Debug|Any CPU.Build.0 = Debug|Any CPU
		{9BE7A596-358B-442A-8059-B5CA596EA939}.Release|Any CPU.ActiveCfg = Release|Any CPU
		{9BE7A596-358B-442A-8059-B5CA596EA939}.Release|Any CPU.Build.0 = Release|Any CPU
		{8694B659-32CA-49F6-A946-B907F2B8D98E}.Debug|Any CPU.ActiveCfg = Debug|Any CPU
		{8694B659-32CA-49F6-A946-B907F2B8D98E}.Debug|Any CPU.Build.0 = Debug|Any CPU
		{8694B659-32CA-49F6-A946-B907F2B8D98E}.Release|Any CPU.ActiveCfg = Release|Any CPU
		{8694B659-32CA-49F6-A946-B907F2B8D98E}.Release|Any CPU.Build.0 = Release|Any CPU
		{402AFE63-CB90-42F4-AF6C-525A7414EF2A}.Debug|Any CPU.ActiveCfg = Debug|Any CPU
		{402AFE63-CB90-42F4-AF6C-525A7414EF2A}.Debug|Any CPU.Build.0 = Debug|Any CPU
		{402AFE63-CB90-42F4-AF6C-525A7414EF2A}.Release|Any CPU.ActiveCfg = Release|Any CPU
		{402AFE63-CB90-42F4-AF6C-525A7414EF2A}.Release|Any CPU.Build.0 = Release|Any CPU
		{4DC81A85-4D08-4F4D-BB9B-31CBE28818F5}.Debug|Any CPU.ActiveCfg = Debug|Any CPU
		{4DC81A85-4D08-4F4D-BB9B-31CBE28818F5}.Debug|Any CPU.Build.0 = Debug|Any CPU
		{4DC81A85-4D08-4F4D-BB9B-31CBE28818F5}.Release|Any CPU.ActiveCfg = Release|Any CPU
		{4DC81A85-4D08-4F4D-BB9B-31CBE28818F5}.Release|Any CPU.Build.0 = Release|Any CPU
		{4E66DE9D-BCA5-4305-A4C8-E8E1D32460B5}.Debug|Any CPU.ActiveCfg = Debug|Any CPU
		{4E66DE9D-BCA5-4305-A4C8-E8E1D32460B5}.Debug|Any CPU.Build.0 = Debug|Any CPU
		{4E66DE9D-BCA5-4305-A4C8-E8E1D32460B5}.Release|Any CPU.ActiveCfg = Release|Any CPU
		{4E66DE9D-BCA5-4305-A4C8-E8E1D32460B5}.Release|Any CPU.Build.0 = Release|Any CPU
		{3B4EF71A-B46D-4C0E-B230-F048B1FB674A}.Debug|Any CPU.ActiveCfg = Debug|Any CPU
		{3B4EF71A-B46D-4C0E-B230-F048B1FB674A}.Debug|Any CPU.Build.0 = Debug|Any CPU
		{3B4EF71A-B46D-4C0E-B230-F048B1FB674A}.Release|Any CPU.ActiveCfg = Release|Any CPU
		{3B4EF71A-B46D-4C0E-B230-F048B1FB674A}.Release|Any CPU.Build.0 = Release|Any CPU
	EndGlobalSection
	GlobalSection(SolutionProperties) = preSolution
		HideSolutionNode = FALSE
	EndGlobalSection
	GlobalSection(NestedProjects) = preSolution
		{9BE7A596-358B-442A-8059-B5CA596EA939} = {01423361-0D80-457F-B383-3466C33815EE}
		{8694B659-32CA-49F6-A946-B907F2B8D98E} = {D319E698-39DE-4CB6-9A97-EC08F67BCFBB}
		{402AFE63-CB90-42F4-AF6C-525A7414EF2A} = {D319E698-39DE-4CB6-9A97-EC08F67BCFBB}
		{4DC81A85-4D08-4F4D-BB9B-31CBE28818F5} = {D319E698-39DE-4CB6-9A97-EC08F67BCFBB}
		{4E66DE9D-BCA5-4305-A4C8-E8E1D32460B5} = {D319E698-39DE-4CB6-9A97-EC08F67BCFBB}
		{3B4EF71A-B46D-4C0E-B230-F048B1FB674A} = {D319E698-39DE-4CB6-9A97-EC08F67BCFBB}
	EndGlobalSection
	GlobalSection(ExtensibilityGlobals) = postSolution
		SolutionGuid = {CF3679A5-EF9D-4303-A2C0-978BB4C650BF}
	EndGlobalSection
EndGlobal
